
Microsoft Visual Studio Solution File, Format Version 12.00
# Visual Studio Version 17
VisualStudioVersion = 17.9.34728.123
MinimumVisualStudioVersion = 10.0.40219.1
Project("{FAE04EC0-301F-11D3-BF4B-00C04F79EFBC}") = "QESilver", "QESilver.csproj", "{4BC4D7A1-887E-441F-8564-8A2B38624A28}"
EndProject
Global
	GlobalSection(SolutionConfigurationPlatforms) = preSolution
		Debug|Any CPU = Debug|Any CPU
		Release|Any CPU = Release|Any CPU
	EndGlobalSection
	GlobalSection(ProjectConfigurationPlatforms) = postSolution
		{4BC4D7A1-887E-441F-8564-8A2B38624A28}.Debug|Any CPU.ActiveCfg = Debug|Any CPU
		{4BC4D7A1-887E-441F-8564-8A2B38624A28}.Debug|Any CPU.Build.0 = Debug|Any CPU
		{4BC4D7A1-887E-441F-8564-8A2B38624A28}.Release|Any CPU.ActiveCfg = Release|Any CPU
		{4BC4D7A1-887E-441F-8564-8A2B38624A28}.Release|Any CPU.Build.0 = Release|Any CPU
	EndGlobalSection
	GlobalSection(SolutionProperties) = preSolution
		HideSolutionNode = FALSE
	EndGlobalSection
	GlobalSection(ExtensibilityGlobals) = postSolution
		SolutionGuid = {2426B332-F3C1-4A01-A8CA-EC07CFBDCCD2}
	EndGlobalSection
EndGlobal
